
Microsoft Visual Studio Solution File, Format Version 12.00
# Visual Studio 15
Project("{FAE04EC0-301F-11D3-BF4B-00C04F79EFBC}") = "Kaiji.Plugins", "Kaiji.Plugins.csproj", "{A203E3F9-DC37-0798-A385-33698ABA70A5}"
EndProject
Project("{FAE04EC0-301F-11D3-BF4B-00C04F79EFBC}") = "Kaiji", "Kaiji.csproj", "{5EE946EA-096A-ADAF-3E46-73E2169F5A4A}"
EndProject
Global
	GlobalSection(SolutionConfigurationPlatforms) = preSolution
		Debug|Any CPU = Debug|Any CPU
		Release|Any CPU = Release|Any CPU
	EndGlobalSection
	GlobalSection(ProjectConfigurationPlatforms) = postSolution
		{A203E3F9-DC37-0798-A385-33698ABA70A5}.Debug|Any CPU.ActiveCfg = Debug|Any CPU
		{A203E3F9-DC37-0798-A385-33698ABA70A5}.Debug|Any CPU.Build.0 = Debug|Any CPU
		{A203E3F9-DC37-0798-A385-33698ABA70A5}.Release|Any CPU.ActiveCfg = Release|Any CPU
		{A203E3F9-DC37-0798-A385-33698ABA70A5}.Release|Any CPU.Build.0 = Release|Any CPU
		{5EE946EA-096A-ADAF-3E46-73E2169F5A4A}.Debug|Any CPU.ActiveCfg = Debug|Any CPU
		{5EE946EA-096A-ADAF-3E46-73E2169F5A4A}.Debug|Any CPU.Build.0 = Debug|Any CPU
		{5EE946EA-096A-ADAF-3E46-73E2169F5A4A}.Release|Any CPU.ActiveCfg = Release|Any CPU
		{5EE946EA-096A-ADAF-3E46-73E2169F5A4A}.Release|Any CPU.Build.0 = Release|Any CPU
	EndGlobalSection
	GlobalSection(SolutionProperties) = preSolution
		HideSolutionNode = FALSE
	EndGlobalSection
EndGlobal
